
Microsoft Visual Studio Solution File, Format Version 12.00
Project("{FAE04EC0-301F-11D3-BF4B-00C04F79EFBC}") = "BowlingMission10", "BowlingMission10\BowlingMission10.csproj", "{522E5882-B0A4-4F6E-AC94-4917488126CF}"
EndProject
Global
	GlobalSection(SolutionConfigurationPlatforms) = preSolution
		Debug|Any CPU = Debug|Any CPU
		Release|Any CPU = Release|Any CPU
	EndGlobalSection
	GlobalSection(ProjectConfigurationPlatforms) = postSolution
		{522E5882-B0A4-4F6E-AC94-4917488126CF}.Debug|Any CPU.ActiveCfg = Debug|Any CPU
		{522E5882-B0A4-4F6E-AC94-4917488126CF}.Debug|Any CPU.Build.0 = Debug|Any CPU
		{522E5882-B0A4-4F6E-AC94-4917488126CF}.Release|Any CPU.ActiveCfg = Release|Any CPU
		{522E5882-B0A4-4F6E-AC94-4917488126CF}.Release|Any CPU.Build.0 = Release|Any CPU
	EndGlobalSection
EndGlobal
